
Microsoft Visual Studio Solution File, Format Version 12.00
# Visual Studio 14
VisualStudioVersion = 14.0.24720.0
MinimumVisualStudioVersion = 10.0.40219.1
Project("{FAE04EC0-301F-11D3-BF4B-00C04F79EFBC}") = "Planner_0", "Planner_0\Planner_0.csproj", "{B887E655-8F19-4C20-A455-3ABC5F29C76C}"
EndProject
Project("{FAE04EC0-301F-11D3-BF4B-00C04F79EFBC}") = "Planner_0.Tests", "Planner_0.Tests\Planner_0.Tests.csproj", "{1E877F8B-BAD3-47AF-88AF-DD6E406AC228}"
EndProject
Global
	GlobalSection(SolutionConfigurationPlatforms) = preSolution
		Debug|Any CPU = Debug|Any CPU
		Release|Any CPU = Release|Any CPU
	EndGlobalSection
	GlobalSection(ProjectConfigurationPlatforms) = postSolution
		{B887E655-8F19-4C20-A455-3ABC5F29C76C}.Debug|Any CPU.ActiveCfg = Debug|Any CPU
		{B887E655-8F19-4C20-A455-3ABC5F29C76C}.Debug|Any CPU.Build.0 = Debug|Any CPU
		{B887E655-8F19-4C20-A455-3ABC5F29C76C}.Release|Any CPU.ActiveCfg = Release|Any CPU
		{B887E655-8F19-4C20-A455-3ABC5F29C76C}.Release|Any CPU.Build.0 = Release|Any CPU
		{1E877F8B-BAD3-47AF-88AF-DD6E406AC228}.Debug|Any CPU.ActiveCfg = Debug|Any CPU
		{1E877F8B-BAD3-47AF-88AF-DD6E406AC228}.Debug|Any CPU.Build.0 = Debug|Any CPU
		{1E877F8B-BAD3-47AF-88AF-DD6E406AC228}.Release|Any CPU.ActiveCfg = Release|Any CPU
		{1E877F8B-BAD3-47AF-88AF-DD6E406AC228}.Release|Any CPU.Build.0 = Release|Any CPU
	EndGlobalSection
	GlobalSection(SolutionProperties) = preSolution
		HideSolutionNode = FALSE
	EndGlobalSection
EndGlobal
